
Microsoft Visual Studio Solution File, Format Version 12.00
# Visual Studio Version 16
VisualStudioVersion = 16.0.30002.166
MinimumVisualStudioVersion = 10.0.40219.1
Project("{8BC9CEB8-8B4A-11D0-8D11-00A0C91BC942}") = "Sanguosha", "Sanguosha.vcxproj", "{D7A076C8-0853-4EF5-AF2B-E9963E7AF7CC}"
EndProject
Global
	GlobalSection(SolutionConfigurationPlatforms) = preSolution
		Debug|x64 = Debug|x64
		Debug|x86 = Debug|x86
		Release|x64 = Release|x64
		Release|x86 = Release|x86
	EndGlobalSection
	GlobalSection(ProjectConfigurationPlatforms) = postSolution
		{D7A076C8-0853-4EF5-AF2B-E9963E7AF7CC}.Debug|x64.ActiveCfg = Debug|x64
		{D7A076C8-0853-4EF5-AF2B-E9963E7AF7CC}.Debug|x64.Build.0 = Debug|x64
		{D7A076C8-0853-4EF5-AF2B-E9963E7AF7CC}.Debug|x86.ActiveCfg = Debug|Win32
		{D7A076C8-0853-4EF5-AF2B-E9963E7AF7CC}.Debug|x86.Build.0 = Debug|Win32
		{D7A076C8-0853-4EF5-AF2B-E9963E7AF7CC}.Release|x64.ActiveCfg = Release|x64
		{D7A076C8-0853-4EF5-AF2B-E9963E7AF7CC}.Release|x64.Build.0 = Release|x64
		{D7A076C8-0853-4EF5-AF2B-E9963E7AF7CC}.Release|x86.ActiveCfg = Release|Win32
		{D7A076C8-0853-4EF5-AF2B-E9963E7AF7CC}.Release|x86.Build.0 = Release|Win32
	EndGlobalSection
	GlobalSection(SolutionProperties) = preSolution
		HideSolutionNode = FALSE
	EndGlobalSection
	GlobalSection(ExtensibilityGlobals) = postSolution
		SolutionGuid = {A0C5B0A4-6BCC-4251-A4E1-127DE237E646}
	EndGlobalSection
EndGlobal
